
Microsoft Visual Studio Solution File, Format Version 12.00
# Visual Studio Version 16
VisualStudioVersion = 16.0.31624.102
MinimumVisualStudioVersion = 10.0.40219.1
Project("{FAE04EC0-301F-11D3-BF4B-00C04F79EFBC}") = "MarketLensSoftware", "WindowsFormsApp1\MarketLensSoftware.csproj", "{56D148E4-A39D-44B8-810B-48D8CE46815D}"
EndProject
Global
	GlobalSection(SolutionConfigurationPlatforms) = preSolution
		Debug|Any CPU = Debug|Any CPU
		Release|Any CPU = Release|Any CPU
	EndGlobalSection
	GlobalSection(ProjectConfigurationPlatforms) = postSolution
		{56D148E4-A39D-44B8-810B-48D8CE46815D}.Debug|Any CPU.ActiveCfg = Debug|Any CPU
		{56D148E4-A39D-44B8-810B-48D8CE46815D}.Debug|Any CPU.Build.0 = Debug|Any CPU
		{56D148E4-A39D-44B8-810B-48D8CE46815D}.Release|Any CPU.ActiveCfg = Release|Any CPU
		{56D148E4-A39D-44B8-810B-48D8CE46815D}.Release|Any CPU.Build.0 = Release|Any CPU
	EndGlobalSection
	GlobalSection(SolutionProperties) = preSolution
		HideSolutionNode = FALSE
	EndGlobalSection
	GlobalSection(ExtensibilityGlobals) = postSolution
		SolutionGuid = {D764A111-251D-470A-8F41-A94F9F56D450}
	EndGlobalSection
EndGlobal
